
Microsoft Visual Studio Solution File, Format Version 12.00
# Visual Studio Version 16
VisualStudioVersion = 16.0.31829.152
MinimumVisualStudioVersion = 10.0.40219.1
Project("{8BC9CEB8-8B4A-11D0-8D11-00A0C91BC942}") = "DaynamicMemoryAllocation", "DaynamicMemoryAllocation\DaynamicMemoryAllocation.vcxproj", "{F4CCA89C-C215-4159-87A4-F906B2197634}"
EndProject
Global
	GlobalSection(SolutionConfigurationPlatforms) = preSolution
		Debug|x64 = Debug|x64
		Debug|x86 = Debug|x86
		Release|x64 = Release|x64
		Release|x86 = Release|x86
	EndGlobalSection
	GlobalSection(ProjectConfigurationPlatforms) = postSolution
		{F4CCA89C-C215-4159-87A4-F906B2197634}.Debug|x64.ActiveCfg = Debug|x64
		{F4CCA89C-C215-4159-87A4-F906B2197634}.Debug|x64.Build.0 = Debug|x64
		{F4CCA89C-C215-4159-87A4-F906B2197634}.Debug|x86.ActiveCfg = Debug|Win32
		{F4CCA89C-C215-4159-87A4-F906B2197634}.Debug|x86.Build.0 = Debug|Win32
		{F4CCA89C-C215-4159-87A4-F906B2197634}.Release|x64.ActiveCfg = Release|x64
		{F4CCA89C-C215-4159-87A4-F906B2197634}.Release|x64.Build.0 = Release|x64
		{F4CCA89C-C215-4159-87A4-F906B2197634}.Release|x86.ActiveCfg = Release|Win32
		{F4CCA89C-C215-4159-87A4-F906B2197634}.Release|x86.Build.0 = Release|Win32
	EndGlobalSection
	GlobalSection(SolutionProperties) = preSolution
		HideSolutionNode = FALSE
	EndGlobalSection
	GlobalSection(ExtensibilityGlobals) = postSolution
		SolutionGuid = {A2B98CE6-3EF5-4877-967A-D99C7B3B5D0A}
	EndGlobalSection
EndGlobal
